
Microsoft Visual Studio Solution File, Format Version 12.00
# Visual Studio Version 16
VisualStudioVersion = 16.0.31605.320
MinimumVisualStudioVersion = 10.0.40219.1
Project("{9A19103F-16F7-4668-BE54-9A1E7A4F7556}") = "Sales", "SalesWebMVC\Sales.csproj", "{953FAB33-4087-4E11-B5B1-EADC4F6A647C}"
EndProject
Global
	GlobalSection(SolutionConfigurationPlatforms) = preSolution
		Debug|Any CPU = Debug|Any CPU
		Release|Any CPU = Release|Any CPU
	EndGlobalSection
	GlobalSection(ProjectConfigurationPlatforms) = postSolution
		{953FAB33-4087-4E11-B5B1-EADC4F6A647C}.Debug|Any CPU.ActiveCfg = Debug|Any CPU
		{953FAB33-4087-4E11-B5B1-EADC4F6A647C}.Debug|Any CPU.Build.0 = Debug|Any CPU
		{953FAB33-4087-4E11-B5B1-EADC4F6A647C}.Release|Any CPU.ActiveCfg = Release|Any CPU
		{953FAB33-4087-4E11-B5B1-EADC4F6A647C}.Release|Any CPU.Build.0 = Release|Any CPU
	EndGlobalSection
	GlobalSection(SolutionProperties) = preSolution
		HideSolutionNode = FALSE
	EndGlobalSection
	GlobalSection(ExtensibilityGlobals) = postSolution
		SolutionGuid = {DEFE619F-B819-4E78-BF0F-9ADE86877607}
	EndGlobalSection
EndGlobal
